// !$*UTF8*$!
{
	archiveVersion = 1;
	classes = {
	};
	objectVersion = 50;
	objects = {

/* Begin PBXBuildFile section */
		3606FB4A2158889A00F47E65 /* AppDelegate.swift in Sources */ = {isa = PBXBuildFile; fileRef = 3606FB492158889A00F47E65 /* AppDelegate.swift */; };
		3606FB4F2158889A00F47E65 /* Main.storyboard in Resources */ = {isa = PBXBuildFile; fileRef = 3606FB4D2158889A00F47E65 /* Main.storyboard */; };
		3606FB512158889A00F47E65 /* Assets.xcassets in Resources */ = {isa = PBXBuildFile; fileRef = 3606FB502158889A00F47E65 /* Assets.xcassets */; };
		3606FB542158889A00F47E65 /* LaunchScreen.storyboard in Resources */ = {isa = PBXBuildFile; fileRef = 3606FB522158889A00F47E65 /* LaunchScreen.storyboard */; };
		3606FB5F2158889B00F47E65 /* CustomPageViewTests.swift in Sources */ = {isa = PBXBuildFile; fileRef = 3606FB5E2158889B00F47E65 /* CustomPageViewTests.swift */; };
		3606FB6A2158889B00F47E65 /* CustomPageViewUITests.swift in Sources */ = {isa = PBXBuildFile; fileRef = 3606FB692158889B00F47E65 /* CustomPageViewUITests.swift */; };
		3606FB782158918600F47E65 /* CustomRootPageViewController.swift in Sources */ = {isa = PBXBuildFile; fileRef = 3606FB772158918600F47E65 /* CustomRootPageViewController.swift */; };
		3606FB7A2158B00600F47E65 /* PageMenuViewController.swift in Sources */ = {isa = PBXBuildFile; fileRef = 3606FB792158B00600F47E65 /* PageMenuViewController.swift */; };
		3606FB7C2158FA9A00F47E65 /* PageItem.swift in Sources */ = {isa = PBXBuildFile; fileRef = 3606FB7B2158FA9A00F47E65 /* PageItem.swift */; };
		3606FB7E2158FF1900F47E65 /* CustomPageMenuItem.swift in Sources */ = {isa = PBXBuildFile; fileRef = 3606FB7D2158FF1900F47E65 /* CustomPageMenuItem.swift */; };
		3606FB80215A73CA00F47E65 /* TableViewController.swift in Sources */ = {isa = PBXBuildFile; fileRef = 3606FB7F215A73CA00F47E65 /* TableViewController.swift */; };
/* End PBXBuildFile section */

/* Begin PBXContainerItemProxy section */
		3606FB5B2158889B00F47E65 /* PBXContainerItemProxy */ = {
			isa = PBXContainerItemProxy;
			containerPortal = 3606FB3E2158889A00F47E65 /* Project object */;
			proxyType = 1;
			remoteGlobalIDString = 3606FB452158889A00F47E65;
			remoteInfo = CustomPageView;
		};
		3606FB662158889B00F47E65 /* PBXContainerItemProxy */ = {
			isa = PBXContainerItemProxy;
			containerPortal = 3606FB3E2158889A00F47E65 /* Project object */;
			proxyType = 1;
			remoteGlobalIDString = 3606FB452158889A00F47E65;
			remoteInfo = CustomPageView;
		};
/* End PBXContainerItemProxy section */

/* Begin PBXFileReference section */
		3606FB462158889A00F47E65 /* CustomPageView.app */ = {isa = PBXFileReference; explicitFileType = wrapper.application; includeInIndex = 0; path = CustomPageView.app; sourceTree = BUILT_PRODUCTS_DIR; };
		3606FB492158889A00F47E65 /* AppDelegate.swift */ = {isa = PBXFileReference; lastKnownFileType = sourcecode.swift; path = AppDelegate.swift; sourceTree = "<group>"; };
		3606FB4E2158889A00F47E65 /* Base */ = {isa = PBXFileReference; lastKnownFileType = file.storyboard; name = Base; path = Base.lproj/Main.storyboard; sourceTree = "<group>"; };
		3606FB502158889A00F47E65 /* Assets.xcassets */ = {isa = PBXFileReference; lastKnownFileType = folder.assetcatalog; path = Assets.xcassets; sourceTree = "<group>"; };
		3606FB532158889A00F47E65 /* Base */ = {isa = PBXFileReference; lastKnownFileType = file.storyboard; name = Base; path = Base.lproj/LaunchScreen.storyboard; sourceTree = "<group>"; };
		3606FB552158889B00F47E65 /* Info.plist */ = {isa = PBXFileReference; lastKnownFileType = text.plist.xml; path = Info.plist; sourceTree = "<group>"; };
		3606FB5A2158889B00F47E65 /* CustomPageViewTests.xctest */ = {isa = PBXFileReference; explicitFileType = wrapper.cfbundle; includeInIndex = 0; path = CustomPageViewTests.xctest; sourceTree = BUILT_PRODUCTS_DIR; };
		3606FB5E2158889B00F47E65 /* CustomPageViewTests.swift */ = {isa = PBXFileReference; lastKnownFileType = sourcecode.swift; path = CustomPageViewTests.swift; sourceTree = "<group>"; };
		3606FB602158889B00F47E65 /* Info.plist */ = {isa = PBXFileReference; lastKnownFileType = text.plist.xml; path = Info.plist; sourceTree = "<group>"; };
		3606FB652158889B00F47E65 /* CustomPageViewUITests.xctest */ = {isa = PBXFileReference; explicitFileType = wrapper.cfbundle; includeInIndex = 0; path = CustomPageViewUITests.xctest; sourceTree = BUILT_PRODUCTS_DIR; };
		3606FB692158889B00F47E65 /* CustomPageViewUITests.swift */ = {isa = PBXFileReference; lastKnownFileType = sourcecode.swift; path = CustomPageViewUITests.swift; sourceTree = "<group>"; };
		3606FB6B2158889B00F47E65 /* Info.plist */ = {isa = PBXFileReference; lastKnownFileType = text.plist.xml; path = Info.plist; sourceTree = "<group>"; };
		3606FB772158918600F47E65 /* CustomRootPageViewController.swift */ = {isa = PBXFileReference; lastKnownFileType = sourcecode.swift; path = CustomRootPageViewController.swift; sourceTree = "<group>"; };
		3606FB792158B00600F47E65 /* PageMenuViewController.swift */ = {isa = PBXFileReference; lastKnownFileType = sourcecode.swift; path = PageMenuViewController.swift; sourceTree = "<group>"; };
		3606FB7B2158FA9A00F47E65 /* PageItem.swift */ = {isa = PBXFileReference; lastKnownFileType = sourcecode.swift; path = PageItem.swift; sourceTree = "<group>"; };
		3606FB7D2158FF1900F47E65 /* CustomPageMenuItem.swift */ = {isa = PBXFileReference; fileEncoding = 4; lastKnownFileType = sourcecode.swift; path = CustomPageMenuItem.swift; sourceTree = "<group>"; };
		3606FB7F215A73CA00F47E65 /* TableViewController.swift */ = {isa = PBXFileReference; lastKnownFileType = sourcecode.swift; path = TableViewController.swift; sourceTree = "<group>"; };
/* End PBXFileReference section */

/* Begin PBXFrameworksBuildPhase section */
		3606FB432158889A00F47E65 /* Frameworks */ = {
			isa = PBXFrameworksBuildPhase;
			buildActionMask = 2147483647;
			files = (
			);
			runOnlyForDeploymentPostprocessing = 0;
		};
		3606FB572158889B00F47E65 /* Frameworks */ = {
			isa = PBXFrameworksBuildPhase;
			buildActionMask = 2147483647;
			files = (
			);
			runOnlyForDeploymentPostprocessing = 0;
		};
		3606FB622158889B00F47E65 /* Frameworks */ = {
			isa = PBXFrameworksBuildPhase;
			buildActionMask = 2147483647;
			files = (
			);
			runOnlyForDeploymentPostprocessing = 0;
		};
/* End PBXFrameworksBuildPhase section */

/* Begin PBXGroup section */
		3606FB3D2158889A00F47E65 = {
			isa = PBXGroup;
			children = (
				3606FB482158889A00F47E65 /* CustomPageView */,
				3606FB5D2158889B00F47E65 /* CustomPageViewTests */,
				3606FB682158889B00F47E65 /* CustomPageViewUITests */,
				3606FB472158889A00F47E65 /* Products */,
			);
			sourceTree = "<group>";
		};
		3606FB472158889A00F47E65 /* Products */ = {
			isa = PBXGroup;
			children = (
				3606FB462158889A00F47E65 /* CustomPageView.app */,
				3606FB5A2158889B00F47E65 /* CustomPageViewTests.xctest */,
				3606FB652158889B00F47E65 /* CustomPageViewUITests.xctest */,
			);
			name = Products;
			sourceTree = "<group>";
		};
		3606FB482158889A00F47E65 /* CustomPageView */ = {
			isa = PBXGroup;
			children = (
				3606FB492158889A00F47E65 /* AppDelegate.swift */,
				3606FB4D2158889A00F47E65 /* Main.storyboard */,
				3606FB502158889A00F47E65 /* Assets.xcassets */,
				3606FB522158889A00F47E65 /* LaunchScreen.storyboard */,
				3606FB552158889B00F47E65 /* Info.plist */,
				3606FB772158918600F47E65 /* CustomRootPageViewController.swift */,
				3606FB7D2158FF1900F47E65 /* CustomPageMenuItem.swift */,
				3606FB792158B00600F47E65 /* PageMenuViewController.swift */,
				3606FB7B2158FA9A00F47E65 /* PageItem.swift */,
				3606FB7F215A73CA00F47E65 /* TableViewController.swift */,
			);
			path = CustomPageView;
			sourceTree = "<group>";
		};
		3606FB5D2158889B00F47E65 /* CustomPageViewTests */ = {
			isa = PBXGroup;
			children = (
				3606FB5E2158889B00F47E65 /* CustomPageViewTests.swift */,
				3606FB602158889B00F47E65 /* Info.plist */,
			);
			path = CustomPageViewTests;
			sourceTree = "<group>";
		};
		3606FB682158889B00F47E65 /* CustomPageViewUITests */ = {
			isa = PBXGroup;
			children = (
				3606FB692158889B00F47E65 /* CustomPageViewUITests.swift */,
				3606FB6B2158889B00F47E65 /* Info.plist */,
			);
			path = CustomPageViewUITests;
			sourceTree = "<group>";
		};
/* End PBXGroup section */

/* Begin PBXNativeTarget section */
		3606FB452158889A00F47E65 /* CustomPageView */ = {
			isa = PBXNativeTarget;
			buildConfigurationList = 3606FB6E2158889B00F47E65 /* Build configuration list for PBXNativeTarget "CustomPageView" */;
			buildPhases = (
				3606FB422158889A00F47E65 /* Sources */,
				3606FB432158889A00F47E65 /* Frameworks */,
				3606FB442158889A00F47E65 /* Resources */,
			);
			buildRules = (
			);
			dependencies = (
			);
			name = CustomPageView;
			productName = CustomPageView;
			productReference = 3606FB462158889A00F47E65 /* CustomPageView.app */;
			productType = "com.apple.product-type.application";
		};
		3606FB592158889B00F47E65 /* CustomPageViewTests */ = {
			isa = PBXNativeTarget;
			buildConfigurationList = 3606FB712158889B00F47E65 /* Build configuration list for PBXNativeTarget "CustomPageViewTests" */;
			buildPhases = (
				3606FB562158889B00F47E65 /* Sources */,
				3606FB572158889B00F47E65 /* Frameworks */,
				3606FB582158889B00F47E65 /* Resources */,
			);
			buildRules = (
			);
			dependencies = (
				3606FB5C2158889B00F47E65 /* PBXTargetDependency */,
			);
			name = CustomPageViewTests;
			productName = CustomPageViewTests;
			productReference = 3606FB5A2158889B00F47E65 /* CustomPageViewTests.xctest */;
			productType = "com.apple.product-type.bundle.unit-test";
		};
		3606FB642158889B00F47E65 /* CustomPageViewUITests */ = {
			isa = PBXNativeTarget;
			buildConfigurationList = 3606FB742158889B00F47E65 /* Build configuration list for PBXNativeTarget "CustomPageViewUITests" */;
			buildPhases = (
				3606FB612158889B00F47E65 /* Sources */,
				3606FB622158889B00F47E65 /* Frameworks */,
				3606FB632158889B00F47E65 /* Resources */,
			);
			buildRules = (
			);
			dependencies = (
				3606FB672158889B00F47E65 /* PBXTargetDependency */,
			);
			name = CustomPageViewUITests;
			productName = CustomPageViewUITests;
			productReference = 3606FB652158889B00F47E65 /* CustomPageViewUITests.xctest */;
			productType = "com.apple.product-type.bundle.ui-testing";
		};
/* End PBXNativeTarget section */

/* Begin PBXProject section */
		3606FB3E2158889A00F47E65 /* Project object */ = {
			isa = PBXProject;
			attributes = {
				LastSwiftUpdateCheck = 0940;
				LastUpgradeCheck = 0940;
				ORGANIZATIONNAME = Hakutaku;
				TargetAttributes = {
					3606FB452158889A00F47E65 = {
						CreatedOnToolsVersion = 9.4.1;
					};
					3606FB592158889B00F47E65 = {
						CreatedOnToolsVersion = 9.4.1;
						TestTargetID = 3606FB452158889A00F47E65;
					};
					3606FB642158889B00F47E65 = {
						CreatedOnToolsVersion = 9.4.1;
						TestTargetID = 3606FB452158889A00F47E65;
					};
				};
			};
			buildConfigurationList = 3606FB412158889A00F47E65 /* Build configuration list for PBXProject "CustomPageView" */;
			compatibilityVersion = "Xcode 9.3";
			developmentRegion = en;
			hasScannedForEncodings = 0;
			knownRegions = (
				en,
				Base,
			);
			mainGroup = 3606FB3D2158889A00F47E65;
			productRefGroup = 3606FB472158889A00F47E65 /* Products */;
			projectDirPath = "";
			projectRoot = "";
			targets = (
				3606FB452158889A00F47E65 /* CustomPageView */,
				3606FB592158889B00F47E65 /* CustomPageViewTests */,
				3606FB642158889B00F47E65 /* CustomPageViewUITests */,
			);
		};
/* End PBXProject section */

/* Begin PBXResourcesBuildPhase section */
		3606FB442158889A00F47E65 /* Resources */ = {
			isa = PBXResourcesBuildPhase;
			buildActionMask = 2147483647;
			files = (
				3606FB542158889A00F47E65 /* LaunchScreen.storyboard in Resources */,
				3606FB512158889A00F47E65 /* Assets.xcassets in Resources */,
				3606FB4F2158889A00F47E65 /* Main.storyboard in Resources */,
			);
			runOnlyForDeploymentPostprocessing = 0;
		};
		3606FB582158889B00F47E65 /* Resources */ = {
			isa = PBXResourcesBuildPhase;
			buildActionMask = 2147483647;
			files = (
			);
			runOnlyForDeploymentPostprocessing = 0;
		};
		3606FB632158889B00F47E65 /* Resources */ = {
			isa = PBXResourcesBuildPhase;
			buildActionMask = 2147483647;
			files = (
			);
			runOnlyForDeploymentPostprocessing = 0;
		};
/* End PBXResourcesBuildPhase section */

/* Begin PBXSourcesBuildPhase section */
		3606FB422158889A00F47E65 /* Sources */ = {
			isa = PBXSourcesBuildPhase;
			buildActionMask = 2147483647;
			files = (
				3606FB7E2158FF1900F47E65 /* CustomPageMenuItem.swift in Sources */,
				3606FB80215A73CA00F47E65 /* TableViewController.swift in Sources */,
				3606FB782158918600F47E65 /* CustomRootPageViewController.swift in Sources */,
				3606FB4A2158889A00F47E65 /* AppDelegate.swift in Sources */,
				3606FB7C2158FA9A00F47E65 /* PageItem.swift in Sources */,
				3606FB7A2158B00600F47E65 /* PageMenuViewController.swift in Sources */,
			);
			runOnlyForDeploymentPostprocessing = 0;
		};
		3606FB562158889B00F47E65 /* Sources */ = {
			isa = PBXSourcesBuildPhase;
			buildActionMask = 2147483647;
			files = (
				3606FB5F2158889B00F47E65 /* CustomPageViewTests.swift in Sources */,
			);
			runOnlyForDeploymentPostprocessing = 0;
		};
		3606FB612158889B00F47E65 /* Sources */ = {
			isa = PBXSourcesBuildPhase;
			buildActionMask = 2147483647;
			files = (
				3606FB6A2158889B00F47E65 /* CustomPageViewUITests.swift in Sources */,
			);
			runOnlyForDeploymentPostprocessing = 0;
		};
/* End PBXSourcesBuildPhase section */

/* Begin PBXTargetDependency section */
		3606FB5C2158889B00F47E65 /* PBXTargetDependency */ = {
			isa = PBXTargetDependency;
			target = 3606FB452158889A00F47E65 /* CustomPageView */;
			targetProxy = 3606FB5B2158889B00F47E65 /* PBXContainerItemProxy */;
		};
		3606FB672158889B00F47E65 /* PBXTargetDependency */ = {
			isa = PBXTargetDependency;
			target = 3606FB452158889A00F47E65 /* CustomPageView */;
			targetProxy = 3606FB662158889B00F47E65 /* PBXContainerItemProxy */;
		};
/* End PBXTargetDependency section */

/* Begin PBXVariantGroup section */
		3606FB4D2158889A00F47E65 /* Main.storyboard */ = {
			isa = PBXVariantGroup;
			children = (
				3606FB4E2158889A00F47E65 /* Base */,
			);
			name = Main.storyboard;
			sourceTree = "<group>";
		};
		3606FB522158889A00F47E65 /* LaunchScreen.storyboard */ = {
			isa = PBXVariantGroup;
			children = (
				3606FB532158889A00F47E65 /* Base */,
			);
			name = LaunchScreen.storyboard;
			sourceTree = "<group>";
		};
/* End PBXVariantGroup section */

/* Begin XCBuildConfiguration section */
		3606FB6C2158889B00F47E65 /* Debug */ = {
			isa = XCBuildConfiguration;
			buildSettings = {
				ALWAYS_SEARCH_USER_PATHS = NO;
				CLANG_ANALYZER_NONNULL = YES;
				CLANG_ANALYZER_NUMBER_OBJECT_CONVERSION = YES_AGGRESSIVE;
				CLANG_CXX_LANGUAGE_STANDARD = "gnu++14";
				CLANG_CXX_LIBRARY = "libc++";
				CLANG_ENABLE_MODULES = YES;
				CLANG_ENABLE_OBJC_ARC = YES;
				CLANG_ENABLE_OBJC_WEAK = YES;
				CLANG_WARN_BLOCK_CAPTURE_AUTORELEASING = YES;
				CLANG_WARN_BOOL_CONVERSION = YES;
				CLANG_WARN_COMMA = YES;
				CLANG_WARN_CONSTANT_CONVERSION = YES;
				CLANG_WARN_DEPRECATED_OBJC_IMPLEMENTATIONS = YES;
				CLANG_WARN_DIRECT_OBJC_ISA_USAGE = YES_ERROR;
				CLANG_WARN_DOCUMENTATION_COMMENTS = YES;
				CLANG_WARN_EMPTY_BODY = YES;
				CLANG_WARN_ENUM_CONVERSION = YES;
				CLANG_WARN_INFINITE_RECURSION = YES;
				CLANG_WARN_INT_CONVERSION = YES;
				CLANG_WARN_NON_LITERAL_NULL_CONVERSION = YES;
				CLANG_WARN_OBJC_IMPLICIT_RETAIN_SELF = YES;
				CLANG_WARN_OBJC_LITERAL_CONVERSION = YES;
				CLANG_WARN_OBJC_ROOT_CLASS = YES_ERROR;
				CLANG_WARN_RANGE_LOOP_ANALYSIS = YES;
				CLANG_WARN_STRICT_PROTOTYPES = YES;
				CLANG_WARN_SUSPICIOUS_MOVE = YES;
				CLANG_WARN_UNGUARDED_AVAILABILITY = YES_AGGRESSIVE;
				CLANG_WARN_UNREACHABLE_CODE = YES;
				CLANG_WARN__DUPLICATE_METHOD_MATCH = YES;
				CODE_SIGN_IDENTITY = "iPhone Developer";
				COPY_PHASE_STRIP = NO;
				DEBUG_INFORMATION_FORMAT = dwarf;
				ENABLE_STRICT_OBJC_MSGSEND = YES;
				ENABLE_TESTABILITY = YES;
				GCC_C_LANGUAGE_STANDARD = gnu11;
				GCC_DYNAMIC_NO_PIC = NO;
				GCC_NO_COMMON_BLOCKS = YES;
				GCC_OPTIMIZATION_LEVEL = 0;
				GCC_PREPROCESSOR_DEFINITIONS = (
					"DEBUG=1",
					"$(inherited)",
				);
				GCC_WARN_64_TO_32_BIT_CONVERSION = YES;
				GCC_WARN_ABOUT_RETURN_TYPE = YES_ERROR;
				GCC_WARN_UNDECLARED_SELECTOR = YES;
				GCC_WARN_UNINITIALIZED_AUTOS = YES_AGGRESSIVE;
				GCC_WARN_UNUSED_FUNCTION = YES;
				GCC_WARN_UNUSED_VARIABLE = YES;
				IPHONEOS_DEPLOYMENT_TARGET = 11.4;
				MTL_ENABLE_DEBUG_INFO = YES;
				ONLY_ACTIVE_ARCH = YES;
				SDKROOT = iphoneos;
				SWIFT_ACTIVE_COMPILATION_CONDITIONS = DEBUG;
				SWIFT_OPTIMIZATION_LEVEL = "-Onone";
			};
			name = Debug;
		};
		3606FB6D2158889B00F47E65 /* Release */ = {
			isa = XCBuildConfiguration;
			buildSettings = {
				ALWAYS_SEARCH_USER_PATHS = NO;
				CLANG_ANALYZER_NONNULL = YES;
				CLANG_ANALYZER_NUMBER_OBJECT_CONVERSION = YES_AGGRESSIVE;
				CLANG_CXX_LANGUAGE_STANDARD = "gnu++14";
				CLANG_CXX_LIBRARY = "libc++";
				CLANG_ENABLE_MODULES = YES;
				CLANG_ENABLE_OBJC_ARC = YES;
				CLANG_ENABLE_OBJC_WEAK = YES;
				CLANG_WARN_BLOCK_CAPTURE_AUTORELEASING = YES;
				CLANG_WARN_BOOL_CONVERSION = YES;
				CLANG_WARN_COMMA = YES;
				CLANG_WARN_CONSTANT_CONVERSION = YES;
				CLANG_WARN_DEPRECATED_OBJC_IMPLEMENTATIONS = YES;
				CLANG_WARN_DIRECT_OBJC_ISA_USAGE = YES_ERROR;
				CLANG_WARN_DOCUMENTATION_COMMENTS = YES;
				CLANG_WARN_EMPTY_BODY = YES;
				CLANG_WARN_ENUM_CONVERSION = YES;
				CLANG_WARN_INFINITE_RECURSION = YES;
				CLANG_WARN_INT_CONVERSION = YES;
				CLANG_WARN_NON_LITERAL_NULL_CONVERSION = YES;
				CLANG_WARN_OBJC_IMPLICIT_RETAIN_SELF = YES;
				CLANG_WARN_OBJC_LITERAL_CONVERSION = YES;
				CLANG_WARN_OBJC_ROOT_CLASS = YES_ERROR;
				CLANG_WARN_RANGE_LOOP_ANALYSIS = YES;
				CLANG_WARN_STRICT_PROTOTYPES = YES;
				CLANG_WARN_SUSPICIOUS_MOVE = YES;
				CLANG_WARN_UNGUARDED_AVAILABILITY = YES_AGGRESSIVE;
				CLANG_WARN_UNREACHABLE_CODE = YES;
				CLANG_WARN__DUPLICATE_METHOD_MATCH = YES;
				CODE_SIGN_IDENTITY = "iPhone Developer";
				COPY_PHASE_STRIP = NO;
				DEBUG_INFORMATION_FORMAT = "dwarf-with-dsym";
				ENABLE_NS_ASSERTIONS = NO;
				ENABLE_STRICT_OBJC_MSGSEND = YES;
				GCC_C_LANGUAGE_STANDARD = gnu11;
				GCC_NO_COMMON_BLOCKS = YES;
				GCC_WARN_64_TO_32_BIT_CONVERSION = YES;
				GCC_WARN_ABOUT_RETURN_TYPE = YES_ERROR;
				GCC_WARN_UNDECLARED_SELECTOR = YES;
				GCC_WARN_UNINITIALIZED_AUTOS = YES_AGGRESSIVE;
				GCC_WARN_UNUSED_FUNCTION = YES;
				GCC_WARN_UNUSED_VARIABLE = YES;
				IPHONEOS_DEPLOYMENT_TARGET = 11.4;
				MTL_ENABLE_DEBUG_INFO = NO;
				SDKROOT = iphoneos;
				SWIFT_COMPILATION_MODE = wholemodule;
				SWIFT_OPTIMIZATION_LEVEL = "-O";
				VALIDATE_PRODUCT = YES;
			};
			name = Release;
		};
		3606FB6F2158889B00F47E65 /* Debug */ = {
			isa = XCBuildConfiguration;
			buildSettings = {
				ASSETCATALOG_COMPILER_APPICON_NAME = AppIcon;
				CODE_SIGN_STYLE = Automatic;
				INFOPLIST_FILE = CustomPageView/Info.plist;
				LD_RUNPATH_SEARCH_PATHS = (
					"$(inherited)",
					"@executable_path/Frameworks",
				);
				PRODUCT_BUNDLE_IDENTIFIER = com.hakutaku.CustomPageView;
				PRODUCT_NAME = "$(TARGET_NAME)";
				SWIFT_VERSION = 4.0;
				TARGETED_DEVICE_FAMILY = "1,2";
			};
			name = Debug;
		};
		3606FB702158889B00F47E65 /* Release */ = {
			isa = XCBuildConfiguration;
			buildSettings = {
				ASSETCATALOG_COMPILER_APPICON_NAME = AppIcon;
				CODE_SIGN_STYLE = Automatic;
				INFOPLIST_FILE = CustomPageView/Info.plist;
				LD_RUNPATH_SEARCH_PATHS = (
					"$(inherited)",
					"@executable_path/Frameworks",
				);
				PRODUCT_BUNDLE_IDENTIFIER = com.hakutaku.CustomPageView;
				PRODUCT_NAME = "$(TARGET_NAME)";
				SWIFT_VERSION = 4.0;
				TARGETED_DEVICE_FAMILY = "1,2";
			};
			name = Release;
		};
		3606FB722158889B00F47E65 /* Debug */ = {
			isa = XCBuildConfiguration;
			buildSettings = {
				ALWAYS_EMBED_SWIFT_STANDARD_LIBRARIES = YES;
				BUNDLE_LOADER = "$(TEST_HOST)";
				CODE_SIGN_STYLE = Automatic;
				INFOPLIST_FILE = CustomPageViewTests/Info.plist;
				LD_RUNPATH_SEARCH_PATHS = (
					"$(inherited)",
					"@executable_path/Frameworks",
					"@loader_path/Frameworks",
				);
				PRODUCT_BUNDLE_IDENTIFIER = com.hakutaku.CustomPageViewTests;
				PRODUCT_NAME = "$(TARGET_NAME)";
				SWIFT_VERSION = 4.0;
				TARGETED_DEVICE_FAMILY = "1,2";
				TEST_HOST = "$(BUILT_PRODUCTS_DIR)/CustomPageView.app/CustomPageView";
			};
			name = Debug;
		};
		3606FB732158889B00F47E65 /* Release */ = {
			isa = XCBuildConfiguration;
			buildSettings = {
				ALWAYS_EMBED_SWIFT_STANDARD_LIBRARIES = YES;
				BUNDLE_LOADER = "$(TEST_HOST)";
				CODE_SIGN_STYLE = Automatic;
				INFOPLIST_FILE = CustomPageViewTests/Info.plist;
				LD_RUNPATH_SEARCH_PATHS = (
					"$(inherited)",
					"@executable_path/Frameworks",
					"@loader_path/Frameworks",
				);
				PRODUCT_BUNDLE_IDENTIFIER = com.hakutaku.CustomPageViewTests;
				PRODUCT_NAME = "$(TARGET_NAME)";
				SWIFT_VERSION = 4.0;
				TARGETED_DEVICE_FAMILY = "1,2";
				TEST_HOST = "$(BUILT_PRODUCTS_DIR)/CustomPageView.app/CustomPageView";
			};
			name = Release;
		};
		3606FB752158889B00F47E65 /* Debug */ = {
			isa = XCBuildConfiguration;
			buildSettings = {
				ALWAYS_EMBED_SWIFT_STANDARD_LIBRARIES = YES;
				CODE_SIGN_STYLE = Automatic;
				INFOPLIST_FILE = CustomPageViewUITests/Info.plist;
				LD_RUNPATH_SEARCH_PATHS = (
					"$(inherited)",
					"@executable_path/Frameworks",
					"@loader_path/Frameworks",
				);
				PRODUCT_BUNDLE_IDENTIFIER = com.hakutaku.CustomPageViewUITests;
				PRODUCT_NAME = "$(TARGET_NAME)";
				SWIFT_VERSION = 4.0;
				TARGETED_DEVICE_FAMILY = "1,2";
				TEST_TARGET_NAME = CustomPageView;
			};
			name = Debug;
		};
		3606FB762158889B00F47E65 /* Release */ = {
			isa = XCBuildConfiguration;
			buildSettings = {
				ALWAYS_EMBED_SWIFT_STANDARD_LIBRARIES = YES;
				CODE_SIGN_STYLE = Automatic;
				INFOPLIST_FILE = CustomPageViewUITests/Info.plist;
				LD_RUNPATH_SEARCH_PATHS = (
					"$(inherited)",
					"@executable_path/Frameworks",
					"@loader_path/Frameworks",
				);
				PRODUCT_BUNDLE_IDENTIFIER = com.hakutaku.CustomPageViewUITests;
				PRODUCT_NAME = "$(TARGET_NAME)";
				SWIFT_VERSION = 4.0;
				TARGETED_DEVICE_FAMILY = "1,2";
				TEST_TARGET_NAME = CustomPageView;
			};
			name = Release;
		};
/* End XCBuildConfiguration section */

/* Begin XCConfigurationList section */
		3606FB412158889A00F47E65 /* Build configuration list for PBXProject "CustomPageView" */ = {
			isa = XCConfigurationList;
			buildConfigurations = (
				3606FB6C2158889B00F47E65 /* Debug */,
				3606FB6D2158889B00F47E65 /* Release */,
			);
			defaultConfigurationIsVisible = 0;
			defaultConfigurationName = Release;
		};
		3606FB6E2158889B00F47E65 /* Build configuration list for PBXNativeTarget "CustomPageView" */ = {
			isa = XCConfigurationList;
			buildConfigurations = (
				3606FB6F2158889B00F47E65 /* Debug */,
				3606FB702158889B00F47E65 /* Release */,
			);
			defaultConfigurationIsVisible = 0;
			defaultConfigurationName = Release;
		};
		3606FB712158889B00F47E65 /* Build configuration list for PBXNativeTarget "CustomPageViewTests" */ = {
			isa = XCConfigurationList;
			buildConfigurations = (
				3606FB722158889B00F47E65 /* Debug */,
				3606FB732158889B00F47E65 /* Release */,
			);
			defaultConfigurationIsVisible = 0;
			defaultConfigurationName = Release;
		};
		3606FB742158889B00F47E65 /* Build configuration list for PBXNativeTarget "CustomPageViewUITests" */ = {
			isa = XCConfigurationList;
			buildConfigurations = (
				3606FB752158889B00F47E65 /* Debug */,
				3606FB762158889B00F47E65 /* Release */,
			);
			defaultConfigurationIsVisible = 0;
			defaultConfigurationName = Release;
		};
/* End XCConfigurationList section */
	};
	rootObject = 3606FB3E2158889A00F47E65 /* Project object */;
}
